// !$*UTF8*$!
{
	archiveVersion = 1;
	classes = {
	};
	objectVersion = 46;
	objects = {

/* Begin PBXBuildFile section */
		0805E04317FB185000B464D6 /* Icon-120.png in Resources */ = {isa = PBXBuildFile; fileRef = 0805E03617FB185000B464D6 /* Icon-120.png */; };
		0805E04417FB185000B464D6 /* Icon-144.png in Resources */ = {isa = PBXBuildFile; fileRef = 0805E03717FB185000B464D6 /* Icon-144.png */; };
		0805E04517FB185000B464D6 /* Icon-152.png in Resources */ = {isa = PBXBuildFile; fileRef = 0805E03817FB185000B464D6 /* Icon-152.png */; };
		0805E04617FB185000B464D6 /* Icon-72.png in Resources */ = {isa = PBXBuildFile; fileRef = 0805E03917FB185000B464D6 /* Icon-72.png */; };
		0805E04717FB185000B464D6 /* Icon-76.png in Resources */ = {isa = PBXBuildFile; fileRef = 0805E03A17FB185000B464D6 /* Icon-76.png */; };
		0805E04817FB185000B464D6 /* Icon-Med-40.png in Resources */ = {isa = PBXBuildFile; fileRef = 0805E03B17FB185000B464D6 /* Icon-Med-40.png */; };
		0805E04917FB185000B464D6 /* Icon-Med-40@2x.png in Resources */ = {isa = PBXBuildFile; fileRef = 0805E03C17FB185000B464D6 /* Icon-Med-40@2x.png */; };
		0805E04A17FB185000B464D6 /* Icon-Small-50.png in Resources */ = {isa = PBXBuildFile; fileRef = 0805E03D17FB185000B464D6 /* Icon-Small-50.png */; };
		0805E04B17FB185000B464D6 /* Icon-Small-50@2x.png in Resources */ = {isa = PBXBuildFile; fileRef = 0805E03E17FB185000B464D6 /* Icon-Small-50@2x.png */; };
		0805E04C17FB185000B464D6 /* Icon-Small.png in Resources */ = {isa = PBXBuildFile; fileRef = 0805E03F17FB185000B464D6 /* Icon-Small.png */; };
		0805E04D17FB185000B464D6 /* Icon-Small@2x.png in Resources */ = {isa = PBXBuildFile; fileRef = 0805E04017FB185000B464D6 /* Icon-Small@2x.png */; };
		0805E04E17FB185000B464D6 /* Icon.png in Resources */ = {isa = PBXBuildFile; fileRef = 0805E04117FB185000B464D6 /* Icon.png */; };
		0805E04F17FB185000B464D6 /* Icon@2x.png in Resources */ = {isa = PBXBuildFile; fileRef = 0805E04217FB185000B464D6 /* Icon@2x.png */; };
		0805E05417FCD55E00B464D6 /* infoIcon.png in Resources */ = {isa = PBXBuildFile; fileRef = 0805E05317FCD55E00B464D6 /* infoIcon.png */; };
		08136FF318110E8800B6F4CF /* CalendarActionsheet.m in Sources */ = {isa = PBXBuildFile; fileRef = 08136FF218110E8800B6F4CF /* CalendarActionsheet.m */; };
		08136FF518110E9A00B6F4CF /* CalendarActionsheet.xib in Resources */ = {isa = PBXBuildFile; fileRef = 08136FF418110E9A00B6F4CF /* CalendarActionsheet.xib */; };
		081370001811491900B6F4CF /* SelectedCellFrame.png in Resources */ = {isa = PBXBuildFile; fileRef = 08136FFF1811491900B6F4CF /* SelectedCellFrame.png */; };
		08252E55180D5E14000AD875 /* ProfileViewController.m in Sources */ = {isa = PBXBuildFile; fileRef = 08252E53180D5E14000AD875 /* ProfileViewController.m */; };
		08252E56180D5E14000AD875 /* ProfileViewController.xib in Resources */ = {isa = PBXBuildFile; fileRef = 08252E54180D5E14000AD875 /* ProfileViewController.xib */; };
		08252E5A180D618C000AD875 /* DayDetailViewController.m in Sources */ = {isa = PBXBuildFile; fileRef = 08252E58180D618C000AD875 /* DayDetailViewController.m */; };
		08252E5B180D618C000AD875 /* DayDetailViewController.xib in Resources */ = {isa = PBXBuildFile; fileRef = 08252E59180D618C000AD875 /* DayDetailViewController.xib */; };
		08252E5E180D71B8000AD875 /* ABTMenuCell.m in Sources */ = {isa = PBXBuildFile; fileRef = 08252E5D180D71B8000AD875 /* ABTMenuCell.m */; };
		08252E61180D71E2000AD875 /* PengerViewController.m in Sources */ = {isa = PBXBuildFile; fileRef = 08252E60180D71E2000AD875 /* PengerViewController.m */; };
		08252E67180D7313000AD875 /* ABTMenuCell.xib in Resources */ = {isa = PBXBuildFile; fileRef = 08252E66180D7313000AD875 /* ABTMenuCell.xib */; };
		08252E6A180DD4CE000AD875 /* MenuCellSelected.png in Resources */ = {isa = PBXBuildFile; fileRef = 08252E68180DD4CE000AD875 /* MenuCellSelected.png */; };
		08252E6B180DD4CE000AD875 /* MenuCellDeselected.png in Resources */ = {isa = PBXBuildFile; fileRef = 08252E69180DD4CE000AD875 /* MenuCellDeselected.png */; };
		084AA97A17FD85DD00FD3B5A /* ABTPerson.m in Sources */ = {isa = PBXBuildFile; fileRef = 084AA97917FD85DD00FD3B5A /* ABTPerson.m */; };
		084AA97E17FD943F00FD3B5A /* json.txt in Resources */ = {isa = PBXBuildFile; fileRef = 084AA97D17FD943F00FD3B5A /* json.txt */; };
		084AA98017FDA5B800FD3B5A /* doneIcon.png in Resources */ = {isa = PBXBuildFile; fileRef = 084AA97F17FDA5B800FD3B5A /* doneIcon.png */; };
		086B552617F0960900D9CC67 /* Foundation.framework in Frameworks */ = {isa = PBXBuildFile; fileRef = 086B552517F0960900D9CC67 /* Foundation.framework */; };
		086B552817F0960900D9CC67 /* CoreGraphics.framework in Frameworks */ = {isa = PBXBuildFile; fileRef = 086B552717F0960900D9CC67 /* CoreGraphics.framework */; };
		086B552A17F0960900D9CC67 /* UIKit.framework in Frameworks */ = {isa = PBXBuildFile; fileRef = 086B552917F0960900D9CC67 /* UIKit.framework */; };
		086B553017F0960900D9CC67 /* InfoPlist.strings in Resources */ = {isa = PBXBuildFile; fileRef = 086B552E17F0960900D9CC67 /* InfoPlist.strings */; };
		086B553217F0960900D9CC67 /* main.m in Sources */ = {isa = PBXBuildFile; fileRef = 086B553117F0960900D9CC67 /* main.m */; };
		086B553617F0960900D9CC67 /* ABTAppDelegate.m in Sources */ = {isa = PBXBuildFile; fileRef = 086B553517F0960900D9CC67 /* ABTAppDelegate.m */; };
		086B553917F0960900D9CC67 /* Main_iPhone.storyboard in Resources */ = {isa = PBXBuildFile; fileRef = 086B553717F0960900D9CC67 /* Main_iPhone.storyboard */; };
		086B553C17F0960900D9CC67 /* Main_iPad.storyboard in Resources */ = {isa = PBXBuildFile; fileRef = 086B553A17F0960900D9CC67 /* Main_iPad.storyboard */; };
		086B554117F0960900D9CC67 /* Images.xcassets in Resources */ = {isa = PBXBuildFile; fileRef = 086B554017F0960900D9CC67 /* Images.xcassets */; };
		086B554817F0960A00D9CC67 /* XCTest.framework in Frameworks */ = {isa = PBXBuildFile; fileRef = 086B554717F0960A00D9CC67 /* XCTest.framework */; };
		086B554917F0960A00D9CC67 /* Foundation.framework in Frameworks */ = {isa = PBXBuildFile; fileRef = 086B552517F0960900D9CC67 /* Foundation.framework */; };
		086B554A17F0960A00D9CC67 /* UIKit.framework in Frameworks */ = {isa = PBXBuildFile; fileRef = 086B552917F0960900D9CC67 /* UIKit.framework */; };
		086B555217F0960A00D9CC67 /* InfoPlist.strings in Resources */ = {isa = PBXBuildFile; fileRef = 086B555017F0960A00D9CC67 /* InfoPlist.strings */; };
		086B555417F0960A00D9CC67 /* ABTTests.m in Sources */ = {isa = PBXBuildFile; fileRef = 086B555317F0960A00D9CC67 /* ABTTests.m */; };
		086B55C017F0AA2100D9CC67 /* FrontPageViewController.m in Sources */ = {isa = PBXBuildFile; fileRef = 086B555F17F0AA2100D9CC67 /* FrontPageViewController.m */; };
		086B55C117F0AA2100D9CC67 /* InnstillingerViewController.m in Sources */ = {isa = PBXBuildFile; fileRef = 086B556117F0AA2100D9CC67 /* InnstillingerViewController.m */; };
		086B55C317F0AA2100D9CC67 /* LeftMenuViewController.m in Sources */ = {isa = PBXBuildFile; fileRef = 086B556517F0AA2100D9CC67 /* LeftMenuViewController.m */; };
		086B55C417F0AA2100D9CC67 /* OppslagViewController.m in Sources */ = {isa = PBXBuildFile; fileRef = 086B556717F0AA2100D9CC67 /* OppslagViewController.m */; };
		086B55C517F0AA2100D9CC67 /* PersonViewController.m in Sources */ = {isa = PBXBuildFile; fileRef = 086B556917F0AA2100D9CC67 /* PersonViewController.m */; };
		086B55C617F0AA2100D9CC67 /* SidePanelViewController.m in Sources */ = {isa = PBXBuildFile; fileRef = 086B556B17F0AA2100D9CC67 /* SidePanelViewController.m */; };
		086B55C717F0AA2100D9CC67 /* VaktListeViewController.m in Sources */ = {isa = PBXBuildFile; fileRef = 086B556D17F0AA2100D9CC67 /* VaktListeViewController.m */; };
		086B55C817F0AA2100D9CC67 /* AFFNCallbackObject.m in Sources */ = {isa = PBXBuildFile; fileRef = 086B557317F0AA2100D9CC67 /* AFFNCallbackObject.m */; settings = {COMPILER_FLAGS = "-fno-objc-arc"; }; };
		086B55C917F0AA2100D9CC67 /* AFFNImageManager.m in Sources */ = {isa = PBXBuildFile; fileRef = 086B557617F0AA2100D9CC67 /* AFFNImageManager.m */; settings = {COMPILER_FLAGS = "-fno-objc-arc"; }; };
		086B55CA17F0AA2100D9CC67 /* UIImageView+AFFNImage.m in Sources */ = {isa = PBXBuildFile; fileRef = 086B557817F0AA2100D9CC67 /* UIImageView+AFFNImage.m */; settings = {COMPILER_FLAGS = "-fno-objc-arc"; }; };
		086B55CB17F0AA2100D9CC67 /* AFFNManager.m in Sources */ = {isa = PBXBuildFile; fileRef = 086B557B17F0AA2100D9CC67 /* AFFNManager.m */; settings = {COMPILER_FLAGS = "-fno-objc-arc"; }; };
		086B55CC17F0AA2100D9CC67 /* AFFNRequest.m in Sources */ = {isa = PBXBuildFile; fileRef = 086B557E17F0AA2100D9CC67 /* AFFNRequest.m */; settings = {COMPILER_FLAGS = "-fno-objc-arc"; }; };
		086B55CD17F0AA2100D9CC67 /* AFFNStreamingRequest.m in Sources */ = {isa = PBXBuildFile; fileRef = 086B558017F0AA2100D9CC67 /* AFFNStreamingRequest.m */; settings = {COMPILER_FLAGS = "-fno-objc-arc"; }; };
		086B55CE17F0AA2100D9CC67 /* AwesomeMenu.m in Sources */ = {isa = PBXBuildFile; fileRef = 086B558317F0AA2100D9CC67 /* AwesomeMenu.m */; };
		086B55CF17F0AA2100D9CC67 /* AwesomeMenuItem.m in Sources */ = {isa = PBXBuildFile; fileRef = 086B558517F0AA2100D9CC67 /* AwesomeMenuItem.m */; };
		086B55D017F0AA2100D9CC67 /* JASidePanelController.m in Sources */ = {isa = PBXBuildFile; fileRef = 086B558817F0AA2100D9CC67 /* JASidePanelController.m */; };
		086B55D117F0AA2100D9CC67 /* UIViewController+JASidePanel.m in Sources */ = {isa = PBXBuildFile; fileRef = 086B558A17F0AA2100D9CC67 /* UIViewController+JASidePanel.m */; };
		086B55D217F0AA2100D9CC67 /* MJDetailViewController.m in Sources */ = {isa = PBXBuildFile; fileRef = 086B558D17F0AA2100D9CC67 /* MJDetailViewController.m */; };
		086B55D317F0AA2100D9CC67 /* MJDetailViewController.xib in Resources */ = {isa = PBXBuildFile; fileRef = 086B558E17F0AA2100D9CC67 /* MJDetailViewController.xib */; };
		086B55D417F0AA2100D9CC67 /* MJPopupBackgroundView.m in Sources */ = {isa = PBXBuildFile; fileRef = 086B559017F0AA2100D9CC67 /* MJPopupBackgroundView.m */; };
		086B55D517F0AA2100D9CC67 /* UIViewController+MJPopupViewController.m in Sources */ = {isa = PBXBuildFile; fileRef = 086B559217F0AA2100D9CC67 /* UIViewController+MJPopupViewController.m */; };
		086B55D617F0AA2100D9CC67 /* MNCalendarHeaderView.m in Sources */ = {isa = PBXBuildFile; fileRef = 086B559517F0AA2100D9CC67 /* MNCalendarHeaderView.m */; };
		086B55D717F0AA2100D9CC67 /* MNCalendarView.m in Sources */ = {isa = PBXBuildFile; fileRef = 086B559817F0AA2100D9CC67 /* MNCalendarView.m */; };
		086B55D817F0AA2100D9CC67 /* MNCalendarViewCell.m in Sources */ = {isa = PBXBuildFile; fileRef = 086B559A17F0AA2100D9CC67 /* MNCalendarViewCell.m */; };
		086B55D917F0AA2100D9CC67 /* MNCalendarViewDayCell.m in Sources */ = {isa = PBXBuildFile; fileRef = 086B559C17F0AA2100D9CC67 /* MNCalendarViewDayCell.m */; };
		086B55DA17F0AA2100D9CC67 /* MNCalendarViewLayout.m in Sources */ = {isa = PBXBuildFile; fileRef = 086B559E17F0AA2100D9CC67 /* MNCalendarViewLayout.m */; };
		086B55DB17F0AA2100D9CC67 /* MNCalendarViewWeekdayCell.m in Sources */ = {isa = PBXBuildFile; fileRef = 086B55A017F0AA2100D9CC67 /* MNCalendarViewWeekdayCell.m */; };
		086B55DC17F0AA2100D9CC67 /* MNFastDateEnumeration.m in Sources */ = {isa = PBXBuildFile; fileRef = 086B55A217F0AA2100D9CC67 /* MNFastDateEnumeration.m */; };
		086B55DD17F0AA2100D9CC67 /* NSDate+MNAdditions.m in Sources */ = {isa = PBXBuildFile; fileRef = 086B55A417F0AA2100D9CC67 /* NSDate+MNAdditions.m */; };
		086B55DE17F0AA2100D9CC67 /* MZDay.m in Sources */ = {isa = PBXBuildFile; fileRef = 086B55A717F0AA2100D9CC67 /* MZDay.m */; };
		086B55DF17F0AA2100D9CC67 /* MZDayPicker.m in Sources */ = {isa = PBXBuildFile; fileRef = 086B55A917F0AA2100D9CC67 /* MZDayPicker.m */; };
		086B55E017F0AA2100D9CC67 /* MZDayPickerCell.m in Sources */ = {isa = PBXBuildFile; fileRef = 086B55AB17F0AA2100D9CC67 /* MZDayPickerCell.m */; };
		086B55E117F0AA2100D9CC67 /* coloredDots.png in Resources */ = {isa = PBXBuildFile; fileRef = 086B55AE17F0AA2100D9CC67 /* coloredDots.png */; };
		086B55E217F0AA2100D9CC67 /* menuItemBlue.png in Resources */ = {isa = PBXBuildFile; fileRef = 086B55AF17F0AA2100D9CC67 /* menuItemBlue.png */; };
		086B55E317F0AA2100D9CC67 /* menuItemFrame.png in Resources */ = {isa = PBXBuildFile; fileRef = 086B55B017F0AA2100D9CC67 /* menuItemFrame.png */; };
		086B55E417F0AA2100D9CC67 /* menuItemGreen.png in Resources */ = {isa = PBXBuildFile; fileRef = 086B55B117F0AA2100D9CC67 /* menuItemGreen.png */; };
		086B55E517F0AA2100D9CC67 /* menuItemOrange.png in Resources */ = {isa = PBXBuildFile; fileRef = 086B55B217F0AA2100D9CC67 /* menuItemOrange.png */; };
		086B55E617F0AA2100D9CC67 /* menuItemPurp.png in Resources */ = {isa = PBXBuildFile; fileRef = 086B55B317F0AA2100D9CC67 /* menuItemPurp.png */; };
		086B55E717F0AA2100D9CC67 /* menuItemRed.png in Resources */ = {isa = PBXBuildFile; fileRef = 086B55B417F0AA2100D9CC67 /* menuItemRed.png */; };
		086B55EA17F0AA2100D9CC67 /* frontpage.png in Resources */ = {isa = PBXBuildFile; fileRef = 086B55B917F0AA2100D9CC67 /* frontpage.png */; };
		086B55EB17F0AA2100D9CC67 /* innstillinger.png in Resources */ = {isa = PBXBuildFile; fileRef = 086B55BA17F0AA2100D9CC67 /* innstillinger.png */; };
		086B55EC17F0AA2100D9CC67 /* menu.png in Resources */ = {isa = PBXBuildFile; fileRef = 086B55BB17F0AA2100D9CC67 /* menu.png */; };
		086B55ED17F0AA2100D9CC67 /* oppslag.png in Resources */ = {isa = PBXBuildFile; fileRef = 086B55BC17F0AA2100D9CC67 /* oppslag.png */; };
		086B55EE17F0AA2100D9CC67 /* penger.png in Resources */ = {isa = PBXBuildFile; fileRef = 086B55BD17F0AA2100D9CC67 /* penger.png */; };
		086B55EF17F0AA2100D9CC67 /* personer.png in Resources */ = {isa = PBXBuildFile; fileRef = 086B55BE17F0AA2100D9CC67 /* personer.png */; };
		086B55F017F0AA2100D9CC67 /* vakter.png in Resources */ = {isa = PBXBuildFile; fileRef = 086B55BF17F0AA2100D9CC67 /* vakter.png */; };
		086B55F417F0AB4100D9CC67 /* SingleTon.m in Sources */ = {isa = PBXBuildFile; fileRef = 086B55F317F0AB4100D9CC67 /* SingleTon.m */; };
		086B55F617F0AB7C00D9CC67 /* QuartzCore.framework in Frameworks */ = {isa = PBXBuildFile; fileRef = 086B55F517F0AB7C00D9CC67 /* QuartzCore.framework */; };
		086C74F61808077900373601 /* UIColor+ABTColors.m in Sources */ = {isa = PBXBuildFile; fileRef = 086C74F51808077900373601 /* UIColor+ABTColors.m */; };
/* End PBXBuildFile section */

/* Begin PBXContainerItemProxy section */
		086B554B17F0960A00D9CC67 /* PBXContainerItemProxy */ = {
			isa = PBXContainerItemProxy;
			containerPortal = 086B551A17F0960900D9CC67 /* Project object */;
			proxyType = 1;
			remoteGlobalIDString = 086B552117F0960900D9CC67;
			remoteInfo = ABT;
		};
/* End PBXContainerItemProxy section */

/* Begin PBXFileReference section */
		0805E03617FB185000B464D6 /* Icon-120.png */ = {isa = PBXFileReference; lastKnownFileType = image.png; path = "Icon-120.png"; sourceTree = "<group>"; };
		0805E03717FB185000B464D6 /* Icon-144.png */ = {isa = PBXFileReference; lastKnownFileType = image.png; path = "Icon-144.png"; sourceTree = "<group>"; };
		0805E03817FB185000B464D6 /* Icon-152.png */ = {isa = PBXFileReference; lastKnownFileType = image.png; path = "Icon-152.png"; sourceTree = "<group>"; };
		0805E03917FB185000B464D6 /* Icon-72.png */ = {isa = PBXFileReference; lastKnownFileType = image.png; path = "Icon-72.png"; sourceTree = "<group>"; };
		0805E03A17FB185000B464D6 /* Icon-76.png */ = {isa = PBXFileReference; lastKnownFileType = image.png; path = "Icon-76.png"; sourceTree = "<group>"; };
		0805E03B17FB185000B464D6 /* Icon-Med-40.png */ = {isa = PBXFileReference; lastKnownFileType = image.png; path = "Icon-Med-40.png"; sourceTree = "<group>"; };
		0805E03C17FB185000B464D6 /* Icon-Med-40@2x.png */ = {isa = PBXFileReference; lastKnownFileType = image.png; path = "Icon-Med-40@2x.png"; sourceTree = "<group>"; };
		0805E03D17FB185000B464D6 /* Icon-Small-50.png */ = {isa = PBXFileReference; lastKnownFileType = image.png; path = "Icon-Small-50.png"; sourceTree = "<group>"; };
		0805E03E17FB185000B464D6 /* Icon-Small-50@2x.png */ = {isa = PBXFileReference; lastKnownFileType = image.png; path = "Icon-Small-50@2x.png"; sourceTree = "<group>"; };
		0805E03F17FB185000B464D6 /* Icon-Small.png */ = {isa = PBXFileReference; lastKnownFileType = image.png; path = "Icon-Small.png"; sourceTree = "<group>"; };
		0805E04017FB185000B464D6 /* Icon-Small@2x.png */ = {isa = PBXFileReference; lastKnownFileType = image.png; path = "Icon-Small@2x.png"; sourceTree = "<group>"; };
		0805E04117FB185000B464D6 /* Icon.png */ = {isa = PBXFileReference; lastKnownFileType = image.png; path = Icon.png; sourceTree = "<group>"; };
		0805E04217FB185000B464D6 /* Icon@2x.png */ = {isa = PBXFileReference; lastKnownFileType = image.png; path = "Icon@2x.png"; sourceTree = "<group>"; };
		0805E05317FCD55E00B464D6 /* infoIcon.png */ = {isa = PBXFileReference; lastKnownFileType = image.png; path = infoIcon.png; sourceTree = "<group>"; };
		08136FF118110E8800B6F4CF /* CalendarActionsheet.h */ = {isa = PBXFileReference; fileEncoding = 4; lastKnownFileType = sourcecode.c.h; path = CalendarActionsheet.h; sourceTree = "<group>"; };
		08136FF218110E8800B6F4CF /* CalendarActionsheet.m */ = {isa = PBXFileReference; fileEncoding = 4; lastKnownFileType = sourcecode.c.objc; path = CalendarActionsheet.m; sourceTree = "<group>"; };
		08136FF418110E9A00B6F4CF /* CalendarActionsheet.xib */ = {isa = PBXFileReference; fileEncoding = 4; lastKnownFileType = file.xib; path = CalendarActionsheet.xib; sourceTree = "<group>"; };
		08136FFF1811491900B6F4CF /* SelectedCellFrame.png */ = {isa = PBXFileReference; lastKnownFileType = image.png; path = SelectedCellFrame.png; sourceTree = "<group>"; };
		08252E52180D5E14000AD875 /* ProfileViewController.h */ = {isa = PBXFileReference; fileEncoding = 4; lastKnownFileType = sourcecode.c.h; path = ProfileViewController.h; sourceTree = "<group>"; };
		08252E53180D5E14000AD875 /* ProfileViewController.m */ = {isa = PBXFileReference; fileEncoding = 4; lastKnownFileType = sourcecode.c.objc; path = ProfileViewController.m; sourceTree = "<group>"; };
		08252E54180D5E14000AD875 /* ProfileViewController.xib */ = {isa = PBXFileReference; fileEncoding = 4; lastKnownFileType = file.xib; path = ProfileViewController.xib; sourceTree = "<group>"; };
		08252E57180D618C000AD875 /* DayDetailViewController.h */ = {isa = PBXFileReference; fileEncoding = 4; lastKnownFileType = sourcecode.c.h; path = DayDetailViewController.h; sourceTree = "<group>"; };
		08252E58180D618C000AD875 /* DayDetailViewController.m */ = {isa = PBXFileReference; fileEncoding = 4; lastKnownFileType = sourcecode.c.objc; path = DayDetailViewController.m; sourceTree = "<group>"; };
		08252E59180D618C000AD875 /* DayDetailViewController.xib */ = {isa = PBXFileReference; fileEncoding = 4; lastKnownFileType = file.xib; path = DayDetailViewController.xib; sourceTree = "<group>"; };
		08252E5C180D71B8000AD875 /* ABTMenuCell.h */ = {isa = PBXFileReference; fileEncoding = 4; lastKnownFileType = sourcecode.c.h; path = ABTMenuCell.h; sourceTree = "<group>"; };
		08252E5D180D71B8000AD875 /* ABTMenuCell.m */ = {isa = PBXFileReference; fileEncoding = 4; lastKnownFileType = sourcecode.c.objc; path = ABTMenuCell.m; sourceTree = "<group>"; };
		08252E5F180D71E2000AD875 /* PengerViewController.h */ = {isa = PBXFileReference; fileEncoding = 4; lastKnownFileType = sourcecode.c.h; path = PengerViewController.h; sourceTree = "<group>"; };
		08252E60180D71E2000AD875 /* PengerViewController.m */ = {isa = PBXFileReference; fileEncoding = 4; lastKnownFileType = sourcecode.c.objc; path = PengerViewController.m; sourceTree = "<group>"; };
		08252E66180D7313000AD875 /* ABTMenuCell.xib */ = {isa = PBXFileReference; fileEncoding = 4; lastKnownFileType = file.xib; path = ABTMenuCell.xib; sourceTree = "<group>"; };
		08252E68180DD4CE000AD875 /* MenuCellSelected.png */ = {isa = PBXFileReference; lastKnownFileType = image.png; path = MenuCellSelected.png; sourceTree = "<group>"; };
		08252E69180DD4CE000AD875 /* MenuCellDeselected.png */ = {isa = PBXFileReference; lastKnownFileType = image.png; path = MenuCellDeselected.png; sourceTree = "<group>"; };
		084AA97817FD85DD00FD3B5A /* ABTPerson.h */ = {isa = PBXFileReference; fileEncoding = 4; lastKnownFileType = sourcecode.c.h; path = ABTPerson.h; sourceTree = "<group>"; };
		084AA97917FD85DD00FD3B5A /* ABTPerson.m */ = {isa = PBXFileReference; fileEncoding = 4; lastKnownFileType = sourcecode.c.objc; path = ABTPerson.m; sourceTree = "<group>"; };
		084AA97D17FD943F00FD3B5A /* json.txt */ = {isa = PBXFileReference; fileEncoding = 4; lastKnownFileType = text; path = json.txt; sourceTree = "<group>"; };
		084AA97F17FDA5B800FD3B5A /* doneIcon.png */ = {isa = PBXFileReference; lastKnownFileType = image.png; path = doneIcon.png; sourceTree = "<group>"; };
		086B552217F0960900D9CC67 /* Arbeidstider.app */ = {isa = PBXFileReference; explicitFileType = wrapper.application; includeInIndex = 0; path = Arbeidstider.app; sourceTree = BUILT_PRODUCTS_DIR; };
		086B552517F0960900D9CC67 /* Foundation.framework */ = {isa = PBXFileReference; lastKnownFileType = wrapper.framework; name = Foundation.framework; path = System/Library/Frameworks/Foundation.framework; sourceTree = SDKROOT; };
		086B552717F0960900D9CC67 /* CoreGraphics.framework */ = {isa = PBXFileReference; lastKnownFileType = wrapper.framework; name = CoreGraphics.framework; path = System/Library/Frameworks/CoreGraphics.framework; sourceTree = SDKROOT; };
		086B552917F0960900D9CC67 /* UIKit.framework */ = {isa = PBXFileReference; lastKnownFileType = wrapper.framework; name = UIKit.framework; path = System/Library/Frameworks/UIKit.framework; sourceTree = SDKROOT; };
		086B552D17F0960900D9CC67 /* Arbeidstider-Info.plist */ = {isa = PBXFileReference; lastKnownFileType = text.plist.xml; path = "Arbeidstider-Info.plist"; sourceTree = "<group>"; };
		086B552F17F0960900D9CC67 /* en */ = {isa = PBXFileReference; lastKnownFileType = text.plist.strings; name = en; path = en.lproj/InfoPlist.strings; sourceTree = "<group>"; };
		086B553117F0960900D9CC67 /* main.m */ = {isa = PBXFileReference; lastKnownFileType = sourcecode.c.objc; path = main.m; sourceTree = "<group>"; };
		086B553317F0960900D9CC67 /* Arbeidstider-Prefix.pch */ = {isa = PBXFileReference; lastKnownFileType = sourcecode.c.h; path = "Arbeidstider-Prefix.pch"; sourceTree = "<group>"; };
		086B553417F0960900D9CC67 /* ABTAppDelegate.h */ = {isa = PBXFileReference; lastKnownFileType = sourcecode.c.h; path = ABTAppDelegate.h; sourceTree = "<group>"; };
		086B553517F0960900D9CC67 /* ABTAppDelegate.m */ = {isa = PBXFileReference; lastKnownFileType = sourcecode.c.objc; path = ABTAppDelegate.m; sourceTree = "<group>"; xcLanguageSpecificationIdentifier = xcode.lang.objc; };
		086B553817F0960900D9CC67 /* Base */ = {isa = PBXFileReference; lastKnownFileType = file.storyboard; name = Base; path = Base.lproj/Main_iPhone.storyboard; sourceTree = "<group>"; };
		086B553B17F0960900D9CC67 /* Base */ = {isa = PBXFileReference; lastKnownFileType = file.storyboard; name = Base; path = Base.lproj/Main_iPad.storyboard; sourceTree = "<group>"; };
		086B554017F0960900D9CC67 /* Images.xcassets */ = {isa = PBXFileReference; lastKnownFileType = folder.assetcatalog; path = Images.xcassets; sourceTree = "<group>"; };
		086B554617F0960A00D9CC67 /* ArbeidstiderTests.xctest */ = {isa = PBXFileReference; explicitFileType = wrapper.cfbundle; includeInIndex = 0; path = ArbeidstiderTests.xctest; sourceTree = BUILT_PRODUCTS_DIR; };
		086B554717F0960A00D9CC67 /* XCTest.framework */ = {isa = PBXFileReference; lastKnownFileType = wrapper.framework; name = XCTest.framework; path = Library/Frameworks/XCTest.framework; sourceTree = DEVELOPER_DIR; };
		086B554F17F0960A00D9CC67 /* ArbeidstiderTests-Info.plist */ = {isa = PBXFileReference; lastKnownFileType = text.plist.xml; path = "ArbeidstiderTests-Info.plist"; sourceTree = "<group>"; };
		086B555117F0960A00D9CC67 /* en */ = {isa = PBXFileReference; lastKnownFileType = text.plist.strings; name = en; path = en.lproj/InfoPlist.strings; sourceTree = "<group>"; };
		086B555317F0960A00D9CC67 /* ABTTests.m */ = {isa = PBXFileReference; lastKnownFileType = sourcecode.c.objc; path = ABTTests.m; sourceTree = "<group>"; };
		086B555E17F0AA2100D9CC67 /* FrontPageViewController.h */ = {isa = PBXFileReference; fileEncoding = 4; lastKnownFileType = sourcecode.c.h; path = FrontPageViewController.h; sourceTree = "<group>"; };
		086B555F17F0AA2100D9CC67 /* FrontPageViewController.m */ = {isa = PBXFileReference; fileEncoding = 4; lastKnownFileType = sourcecode.c.objc; path = FrontPageViewController.m; sourceTree = "<group>"; };
		086B556017F0AA2100D9CC67 /* InnstillingerViewController.h */ = {isa = PBXFileReference; fileEncoding = 4; lastKnownFileType = sourcecode.c.h; path = InnstillingerViewController.h; sourceTree = "<group>"; };
		086B556117F0AA2100D9CC67 /* InnstillingerViewController.m */ = {isa = PBXFileReference; fileEncoding = 4; lastKnownFileType = sourcecode.c.objc; path = InnstillingerViewController.m; sourceTree = "<group>"; };
		086B556417F0AA2100D9CC67 /* LeftMenuViewController.h */ = {isa = PBXFileReference; fileEncoding = 4; lastKnownFileType = sourcecode.c.h; path = LeftMenuViewController.h; sourceTree = "<group>"; };
		086B556517F0AA2100D9CC67 /* LeftMenuViewController.m */ = {isa = PBXFileReference; fileEncoding = 4; lastKnownFileType = sourcecode.c.objc; path = LeftMenuViewController.m; sourceTree = "<group>"; };
		086B556617F0AA2100D9CC67 /* OppslagViewController.h */ = {isa = PBXFileReference; fileEncoding = 4; lastKnownFileType = sourcecode.c.h; path = OppslagViewController.h; sourceTree = "<group>"; };
		086B556717F0AA2100D9CC67 /* OppslagViewController.m */ = {isa = PBXFileReference; fileEncoding = 4; lastKnownFileType = sourcecode.c.objc; path = OppslagViewController.m; sourceTree = "<group>"; };
		086B556817F0AA2100D9CC67 /* PersonViewController.h */ = {isa = PBXFileReference; fileEncoding = 4; lastKnownFileType = sourcecode.c.h; path = PersonViewController.h; sourceTree = "<group>"; };
		086B556917F0AA2100D9CC67 /* PersonViewController.m */ = {isa = PBXFileReference; fileEncoding = 4; lastKnownFileType = sourcecode.c.objc; path = PersonViewController.m; sourceTree = "<group>"; };
		086B556A17F0AA2100D9CC67 /* SidePanelViewController.h */ = {isa = PBXFileReference; fileEncoding = 4; lastKnownFileType = sourcecode.c.h; path = SidePanelViewController.h; sourceTree = "<group>"; };
		086B556B17F0AA2100D9CC67 /* SidePanelViewController.m */ = {isa = PBXFileReference; fileEncoding = 4; lastKnownFileType = sourcecode.c.objc; path = SidePanelViewController.m; sourceTree = "<group>"; };
		086B556C17F0AA2100D9CC67 /* VaktListeViewController.h */ = {isa = PBXFileReference; fileEncoding = 4; lastKnownFileType = sourcecode.c.h; path = VaktListeViewController.h; sourceTree = "<group>"; };
		086B556D17F0AA2100D9CC67 /* VaktListeViewController.m */ = {isa = PBXFileReference; fileEncoding = 4; lastKnownFileType = sourcecode.c.objc; path = VaktListeViewController.m; sourceTree = "<group>"; };
		086B557217F0AA2100D9CC67 /* AFFNCallbackObject.h */ = {isa = PBXFileReference; fileEncoding = 4; lastKnownFileType = sourcecode.c.h; path = AFFNCallbackObject.h; sourceTree = "<group>"; };
		086B557317F0AA2100D9CC67 /* AFFNCallbackObject.m */ = {isa = PBXFileReference; fileEncoding = 4; lastKnownFileType = sourcecode.c.objc; path = AFFNCallbackObject.m; sourceTree = "<group>"; };
		086B557517F0AA2100D9CC67 /* AFFNImageManager.h */ = {isa = PBXFileReference; fileEncoding = 4; lastKnownFileType = sourcecode.c.h; path = AFFNImageManager.h; sourceTree = "<group>"; };
		086B557617F0AA2100D9CC67 /* AFFNImageManager.m */ = {isa = PBXFileReference; fileEncoding = 4; lastKnownFileType = sourcecode.c.objc; path = AFFNImageManager.m; sourceTree = "<group>"; };
		086B557717F0AA2100D9CC67 /* UIImageView+AFFNImage.h */ = {isa = PBXFileReference; fileEncoding = 4; lastKnownFileType = sourcecode.c.h; path = "UIImageView+AFFNImage.h"; sourceTree = "<group>"; };
		086B557817F0AA2100D9CC67 /* UIImageView+AFFNImage.m */ = {isa = PBXFileReference; fileEncoding = 4; lastKnownFileType = sourcecode.c.objc; path = "UIImageView+AFFNImage.m"; sourceTree = "<group>"; };
		086B557A17F0AA2100D9CC67 /* AFFNManager.h */ = {isa = PBXFileReference; fileEncoding = 4; lastKnownFileType = sourcecode.c.h; path = AFFNManager.h; sourceTree = "<group>"; };
		086B557B17F0AA2100D9CC67 /* AFFNManager.m */ = {isa = PBXFileReference; fileEncoding = 4; lastKnownFileType = sourcecode.c.objc; path = AFFNManager.m; sourceTree = "<group>"; };
		086B557D17F0AA2100D9CC67 /* AFFNRequest.h */ = {isa = PBXFileReference; fileEncoding = 4; lastKnownFileType = sourcecode.c.h; path = AFFNRequest.h; sourceTree = "<group>"; };
		086B557E17F0AA2100D9CC67 /* AFFNRequest.m */ = {isa = PBXFileReference; fileEncoding = 4; lastKnownFileType = sourcecode.c.objc; path = AFFNRequest.m; sourceTree = "<group>"; };
		086B557F17F0AA2100D9CC67 /* AFFNStreamingRequest.h */ = {isa = PBXFileReference; fileEncoding = 4; lastKnownFileType = sourcecode.c.h; path = AFFNStreamingRequest.h; sourceTree = "<group>"; };
		086B558017F0AA2100D9CC67 /* AFFNStreamingRequest.m */ = {isa = PBXFileReference; fileEncoding = 4; lastKnownFileType = sourcecode.c.objc; path = AFFNStreamingRequest.m; sourceTree = "<group>"; };
		086B558217F0AA2100D9CC67 /* AwesomeMenu.h */ = {isa = PBXFileReference; fileEncoding = 4; lastKnownFileType = sourcecode.c.h; path = AwesomeMenu.h; sourceTree = "<group>"; };
		086B558317F0AA2100D9CC67 /* AwesomeMenu.m */ = {isa = PBXFileReference; fileEncoding = 4; lastKnownFileType = sourcecode.c.objc; path = AwesomeMenu.m; sourceTree = "<group>"; };
		086B558417F0AA2100D9CC67 /* AwesomeMenuItem.h */ = {isa = PBXFileReference; fileEncoding = 4; lastKnownFileType = sourcecode.c.h; path = AwesomeMenuItem.h; sourceTree = "<group>"; };
		086B558517F0AA2100D9CC67 /* AwesomeMenuItem.m */ = {isa = PBXFileReference; fileEncoding = 4; lastKnownFileType = sourcecode.c.objc; path = AwesomeMenuItem.m; sourceTree = "<group>"; };
		086B558717F0AA2100D9CC67 /* JASidePanelController.h */ = {isa = PBXFileReference; fileEncoding = 4; lastKnownFileType = sourcecode.c.h; path = JASidePanelController.h; sourceTree = "<group>"; };
		086B558817F0AA2100D9CC67 /* JASidePanelController.m */ = {isa = PBXFileReference; fileEncoding = 4; lastKnownFileType = sourcecode.c.objc; path = JASidePanelController.m; sourceTree = "<group>"; };
		086B558917F0AA2100D9CC67 /* UIViewController+JASidePanel.h */ = {isa = PBXFileReference; fileEncoding = 4; lastKnownFileType = sourcecode.c.h; path = "UIViewController+JASidePanel.h"; sourceTree = "<group>"; };
		086B558A17F0AA2100D9CC67 /* UIViewController+JASidePanel.m */ = {isa = PBXFileReference; fileEncoding = 4; lastKnownFileType = sourcecode.c.objc; path = "UIViewController+JASidePanel.m"; sourceTree = "<group>"; };
		086B558C17F0AA2100D9CC67 /* MJDetailViewController.h */ = {isa = PBXFileReference; fileEncoding = 4; lastKnownFileType = sourcecode.c.h; path = MJDetailViewController.h; sourceTree = "<group>"; };
		086B558D17F0AA2100D9CC67 /* MJDetailViewController.m */ = {isa = PBXFileReference; fileEncoding = 4; lastKnownFileType = sourcecode.c.objc; path = MJDetailViewController.m; sourceTree = "<group>"; };
		086B558E17F0AA2100D9CC67 /* MJDetailViewController.xib */ = {isa = PBXFileReference; fileEncoding = 4; lastKnownFileType = file.xib; path = MJDetailViewController.xib; sourceTree = "<group>"; };
		086B558F17F0AA2100D9CC67 /* MJPopupBackgroundView.h */ = {isa = PBXFileReference; fileEncoding = 4; lastKnownFileType = sourcecode.c.h; path = MJPopupBackgroundView.h; sourceTree = "<group>"; };
		086B559017F0AA2100D9CC67 /* MJPopupBackgroundView.m */ = {isa = PBXFileReference; fileEncoding = 4; lastKnownFileType = sourcecode.c.objc; path = MJPopupBackgroundView.m; sourceTree = "<group>"; };
		086B559117F0AA2100D9CC67 /* UIViewController+MJPopupViewController.h */ = {isa = PBXFileReference; fileEncoding = 4; lastKnownFileType = sourcecode.c.h; path = "UIViewController+MJPopupViewController.h"; sourceTree = "<group>"; };
		086B559217F0AA2100D9CC67 /* UIViewController+MJPopupViewController.m */ = {isa = PBXFileReference; fileEncoding = 4; lastKnownFileType = sourcecode.c.objc; path = "UIViewController+MJPopupViewController.m"; sourceTree = "<group>"; };
		086B559417F0AA2100D9CC67 /* MNCalendarHeaderView.h */ = {isa = PBXFileReference; fileEncoding = 4; lastKnownFileType = sourcecode.c.h; path = MNCalendarHeaderView.h; sourceTree = "<group>"; };
		086B559517F0AA2100D9CC67 /* MNCalendarHeaderView.m */ = {isa = PBXFileReference; fileEncoding = 4; lastKnownFileType = sourcecode.c.objc; path = MNCalendarHeaderView.m; sourceTree = "<group>"; };
		086B559617F0AA2100D9CC67 /* MNCalendarView-Prefix.pch */ = {isa = PBXFileReference; fileEncoding = 4; lastKnownFileType = sourcecode.c.h; path = "MNCalendarView-Prefix.pch"; sourceTree = "<group>"; };
		086B559717F0AA2100D9CC67 /* MNCalendarView.h */ = {isa = PBXFileReference; fileEncoding = 4; lastKnownFileType = sourcecode.c.h; path = MNCalendarView.h; sourceTree = "<group>"; };
		086B559817F0AA2100D9CC67 /* MNCalendarView.m */ = {isa = PBXFileReference; fileEncoding = 4; lastKnownFileType = sourcecode.c.objc; path = MNCalendarView.m; sourceTree = "<group>"; };
		086B559917F0AA2100D9CC67 /* MNCalendarViewCell.h */ = {isa = PBXFileReference; fileEncoding = 4; lastKnownFileType = sourcecode.c.h; path = MNCalendarViewCell.h; sourceTree = "<group>"; };
		086B559A17F0AA2100D9CC67 /* MNCalendarViewCell.m */ = {isa = PBXFileReference; fileEncoding = 4; lastKnownFileType = sourcecode.c.objc; path = MNCalendarViewCell.m; sourceTree = "<group>"; };
		086B559B17F0AA2100D9CC67 /* MNCalendarViewDayCell.h */ = {isa = PBXFileReference; fileEncoding = 4; lastKnownFileType = sourcecode.c.h; path = MNCalendarViewDayCell.h; sourceTree = "<group>"; };
		086B559C17F0AA2100D9CC67 /* MNCalendarViewDayCell.m */ = {isa = PBXFileReference; fileEncoding = 4; lastKnownFileType = sourcecode.c.objc; path = MNCalendarViewDayCell.m; sourceTree = "<group>"; };
		086B559D17F0AA2100D9CC67 /* MNCalendarViewLayout.h */ = {isa = PBXFileReference; fileEncoding = 4; lastKnownFileType = sourcecode.c.h; path = MNCalendarViewLayout.h; sourceTree = "<group>"; };
		086B559E17F0AA2100D9CC67 /* MNCalendarViewLayout.m */ = {isa = PBXFileReference; fileEncoding = 4; lastKnownFileType = sourcecode.c.objc; path = MNCalendarViewLayout.m; sourceTree = "<group>"; };
		086B559F17F0AA2100D9CC67 /* MNCalendarViewWeekdayCell.h */ = {isa = PBXFileReference; fileEncoding = 4; lastKnownFileType = sourcecode.c.h; path = MNCalendarViewWeekdayCell.h; sourceTree = "<group>"; };
		086B55A017F0AA2100D9CC67 /* MNCalendarViewWeekdayCell.m */ = {isa = PBXFileReference; fileEncoding = 4; lastKnownFileType = sourcecode.c.objc; path = MNCalendarViewWeekdayCell.m; sourceTree = "<group>"; };
		086B55A117F0AA2100D9CC67 /* MNFastDateEnumeration.h */ = {isa = PBXFileReference; fileEncoding = 4; lastKnownFileType = sourcecode.c.h; path = MNFastDateEnumeration.h; sourceTree = "<group>"; };
		086B55A217F0AA2100D9CC67 /* MNFastDateEnumeration.m */ = {isa = PBXFileReference; fileEncoding = 4; lastKnownFileType = sourcecode.c.objc; path = MNFastDateEnumeration.m; sourceTree = "<group>"; };
		086B55A317F0AA2100D9CC67 /* NSDate+MNAdditions.h */ = {isa = PBXFileReference; fileEncoding = 4; lastKnownFileType = sourcecode.c.h; path = "NSDate+MNAdditions.h"; sourceTree = "<group>"; };
		086B55A417F0AA2100D9CC67 /* NSDate+MNAdditions.m */ = {isa = PBXFileReference; fileEncoding = 4; lastKnownFileType = sourcecode.c.objc; path = "NSDate+MNAdditions.m"; sourceTree = "<group>"; };
		086B55A617F0AA2100D9CC67 /* MZDay.h */ = {isa = PBXFileReference; fileEncoding = 4; lastKnownFileType = sourcecode.c.h; path = MZDay.h; sourceTree = "<group>"; };
		086B55A717F0AA2100D9CC67 /* MZDay.m */ = {isa = PBXFileReference; fileEncoding = 4; lastKnownFileType = sourcecode.c.objc; path = MZDay.m; sourceTree = "<group>"; };
		086B55A817F0AA2100D9CC67 /* MZDayPicker.h */ = {isa = PBXFileReference; fileEncoding = 4; lastKnownFileType = sourcecode.c.h; path = MZDayPicker.h; sourceTree = "<group>"; };
		086B55A917F0AA2100D9CC67 /* MZDayPicker.m */ = {isa = PBXFileReference; fileEncoding = 4; lastKnownFileType = sourcecode.c.objc; path = MZDayPicker.m; sourceTree = "<group>"; };
		086B55AA17F0AA2100D9CC67 /* MZDayPickerCell.h */ = {isa = PBXFileReference; fileEncoding = 4; lastKnownFileType = sourcecode.c.h; path = MZDayPickerCell.h; sourceTree = "<group>"; };
		086B55AB17F0AA2100D9CC67 /* MZDayPickerCell.m */ = {isa = PBXFileReference; fileEncoding = 4; lastKnownFileType = sourcecode.c.objc; path = MZDayPickerCell.m; sourceTree = "<group>"; };
		086B55AE17F0AA2100D9CC67 /* coloredDots.png */ = {isa = PBXFileReference; lastKnownFileType = image.png; path = coloredDots.png; sourceTree = "<group>"; };
		086B55AF17F0AA2100D9CC67 /* menuItemBlue.png */ = {isa = PBXFileReference; lastKnownFileType = image.png; path = menuItemBlue.png; sourceTree = "<group>"; };
		086B55B017F0AA2100D9CC67 /* menuItemFrame.png */ = {isa = PBXFileReference; lastKnownFileType = image.png; path = menuItemFrame.png; sourceTree = "<group>"; };
		086B55B117F0AA2100D9CC67 /* menuItemGreen.png */ = {isa = PBXFileReference; lastKnownFileType = image.png; path = menuItemGreen.png; sourceTree = "<group>"; };
		086B55B217F0AA2100D9CC67 /* menuItemOrange.png */ = {isa = PBXFileReference; lastKnownFileType = image.png; path = menuItemOrange.png; sourceTree = "<group>"; };
		086B55B317F0AA2100D9CC67 /* menuItemPurp.png */ = {isa = PBXFileReference; lastKnownFileType = image.png; path = menuItemPurp.png; sourceTree = "<group>"; };
		086B55B417F0AA2100D9CC67 /* menuItemRed.png */ = {isa = PBXFileReference; lastKnownFileType = image.png; path = menuItemRed.png; sourceTree = "<group>"; };
		086B55B917F0AA2100D9CC67 /* frontpage.png */ = {isa = PBXFileReference; lastKnownFileType = image.png; path = frontpage.png; sourceTree = "<group>"; };
		086B55BA17F0AA2100D9CC67 /* innstillinger.png */ = {isa = PBXFileReference; lastKnownFileType = image.png; path = innstillinger.png; sourceTree = "<group>"; };
		086B55BB17F0AA2100D9CC67 /* menu.png */ = {isa = PBXFileReference; lastKnownFileType = image.png; path = menu.png; sourceTree = "<group>"; };
		086B55BC17F0AA2100D9CC67 /* oppslag.png */ = {isa = PBXFileReference; lastKnownFileType = image.png; path = oppslag.png; sourceTree = "<group>"; };
		086B55BD17F0AA2100D9CC67 /* penger.png */ = {isa = PBXFileReference; lastKnownFileType = image.png; path = penger.png; sourceTree = "<group>"; };
		086B55BE17F0AA2100D9CC67 /* personer.png */ = {isa = PBXFileReference; lastKnownFileType = image.png; path = personer.png; sourceTree = "<group>"; };
		086B55BF17F0AA2100D9CC67 /* vakter.png */ = {isa = PBXFileReference; lastKnownFileType = image.png; path = vakter.png; sourceTree = "<group>"; };
		086B55F217F0AB4100D9CC67 /* SingleTon.h */ = {isa = PBXFileReference; fileEncoding = 4; lastKnownFileType = sourcecode.c.h; path = SingleTon.h; sourceTree = "<group>"; };
		086B55F317F0AB4100D9CC67 /* SingleTon.m */ = {isa = PBXFileReference; fileEncoding = 4; lastKnownFileType = sourcecode.c.objc; path = SingleTon.m; sourceTree = "<group>"; };
		086B55F517F0AB7C00D9CC67 /* QuartzCore.framework */ = {isa = PBXFileReference; lastKnownFileType = wrapper.framework; name = QuartzCore.framework; path = System/Library/Frameworks/QuartzCore.framework; sourceTree = SDKROOT; };
		086C74F41808077900373601 /* UIColor+ABTColors.h */ = {isa = PBXFileReference; fileEncoding = 4; lastKnownFileType = sourcecode.c.h; name = "UIColor+ABTColors.h"; path = "Extensions/UIColor+ABTColors.h"; sourceTree = "<group>"; };
		086C74F51808077900373601 /* UIColor+ABTColors.m */ = {isa = PBXFileReference; fileEncoding = 4; lastKnownFileType = sourcecode.c.objc; name = "UIColor+ABTColors.m"; path = "Extensions/UIColor+ABTColors.m"; sourceTree = "<group>"; };
/* End PBXFileReference section */

/* Begin PBXFrameworksBuildPhase section */
		086B551F17F0960900D9CC67 /* Frameworks */ = {
			isa = PBXFrameworksBuildPhase;
			buildActionMask = 2147483647;
			files = (
				086B55F617F0AB7C00D9CC67 /* QuartzCore.framework in Frameworks */,
				086B552817F0960900D9CC67 /* CoreGraphics.framework in Frameworks */,
				086B552A17F0960900D9CC67 /* UIKit.framework in Frameworks */,
				086B552617F0960900D9CC67 /* Foundation.framework in Frameworks */,
			);
			runOnlyForDeploymentPostprocessing = 0;
		};
		086B554317F0960A00D9CC67 /* Frameworks */ = {
			isa = PBXFrameworksBuildPhase;
			buildActionMask = 2147483647;
			files = (
				086B554817F0960A00D9CC67 /* XCTest.framework in Frameworks */,
				086B554A17F0960A00D9CC67 /* UIKit.framework in Frameworks */,
				086B554917F0960A00D9CC67 /* Foundation.framework in Frameworks */,
			);
			runOnlyForDeploymentPostprocessing = 0;
		};
/* End PBXFrameworksBuildPhase section */

/* Begin PBXGroup section */
		0805E03517FB185000B464D6 /* Icons */ = {
			isa = PBXGroup;
			children = (
				0805E03617FB185000B464D6 /* Icon-120.png */,
				0805E03717FB185000B464D6 /* Icon-144.png */,
				0805E03817FB185000B464D6 /* Icon-152.png */,
				0805E03917FB185000B464D6 /* Icon-72.png */,
				0805E03A17FB185000B464D6 /* Icon-76.png */,
				0805E03B17FB185000B464D6 /* Icon-Med-40.png */,
				0805E03C17FB185000B464D6 /* Icon-Med-40@2x.png */,
				0805E03D17FB185000B464D6 /* Icon-Small-50.png */,
				0805E03E17FB185000B464D6 /* Icon-Small-50@2x.png */,
				0805E03F17FB185000B464D6 /* Icon-Small.png */,
				0805E04017FB185000B464D6 /* Icon-Small@2x.png */,
				0805E04117FB185000B464D6 /* Icon.png */,
				0805E04217FB185000B464D6 /* Icon@2x.png */,
			);
			path = Icons;
			sourceTree = "<group>";
		};
		08136FFE1811491900B6F4CF /* Calendar */ = {
			isa = PBXGroup;
			children = (
				08136FFF1811491900B6F4CF /* SelectedCellFrame.png */,
			);
			path = Calendar;
			sourceTree = "<group>";
		};
		08252E62180D71EF000AD875 /* Oppslag */ = {
			isa = PBXGroup;
			children = (
				086B556617F0AA2100D9CC67 /* OppslagViewController.h */,
				086B556717F0AA2100D9CC67 /* OppslagViewController.m */,
			);
			name = Oppslag;
			sourceTree = "<group>";
		};
		08252E63180D71F5000AD875 /* Penger */ = {
			isa = PBXGroup;
			children = (
				08252E5F180D71E2000AD875 /* PengerViewController.h */,
				08252E60180D71E2000AD875 /* PengerViewController.m */,
			);
			name = Penger;
			sourceTree = "<group>";
		};
		08252E64180D71FE000AD875 /* Innstillinger */ = {
			isa = PBXGroup;
			children = (
				086B556017F0AA2100D9CC67 /* InnstillingerViewController.h */,
				086B556117F0AA2100D9CC67 /* InnstillingerViewController.m */,
			);
			name = Innstillinger;
			sourceTree = "<group>";
		};
		08252E65180D7206000AD875 /* Front Page */ = {
			isa = PBXGroup;
			children = (
				086B555E17F0AA2100D9CC67 /* FrontPageViewController.h */,
				086B555F17F0AA2100D9CC67 /* FrontPageViewController.m */,
			);
			name = "Front Page";
			sourceTree = "<group>";
		};
		086B551917F0960900D9CC67 = {
			isa = PBXGroup;
			children = (
				086B552B17F0960900D9CC67 /* ABT */,
				086B554D17F0960A00D9CC67 /* ABTTests */,
				086B552417F0960900D9CC67 /* Frameworks */,
				086B552317F0960900D9CC67 /* Products */,
			);
			sourceTree = "<group>";
		};
		086B552317F0960900D9CC67 /* Products */ = {
			isa = PBXGroup;
			children = (
				086B552217F0960900D9CC67 /* Arbeidstider.app */,
				086B554617F0960A00D9CC67 /* ArbeidstiderTests.xctest */,
			);
			name = Products;
			sourceTree = "<group>";
		};
		086B552417F0960900D9CC67 /* Frameworks */ = {
			isa = PBXGroup;
			children = (
				086B55F517F0AB7C00D9CC67 /* QuartzCore.framework */,
				086B552517F0960900D9CC67 /* Foundation.framework */,
				086B552717F0960900D9CC67 /* CoreGraphics.framework */,
				086B552917F0960900D9CC67 /* UIKit.framework */,
				086B554717F0960A00D9CC67 /* XCTest.framework */,
			);
			name = Frameworks;
			sourceTree = "<group>";
		};
		086B552B17F0960900D9CC67 /* ABT */ = {
			isa = PBXGroup;
			children = (
				086B555D17F0AA2100D9CC67 /* View Controllers */,
				086B55F117F0AAAA00D9CC67 /* Storyboards */,
				086B556E17F0AA2100D9CC67 /* Objects */,
				086C74F0180806EB00373601 /* Extensions */,
				086B556F17F0AA2100D9CC67 /* Repo */,
				086B55AC17F0AA2100D9CC67 /* Assets */,
				086B552C17F0960900D9CC67 /* Supporting Files */,
				086B554017F0960900D9CC67 /* Images.xcassets */,
			);
			path = ABT;
			sourceTree = "<group>";
		};
		086B552C17F0960900D9CC67 /* Supporting Files */ = {
			isa = PBXGroup;
			children = (
				086B553417F0960900D9CC67 /* ABTAppDelegate.h */,
				086B553517F0960900D9CC67 /* ABTAppDelegate.m */,
				086B552D17F0960900D9CC67 /* Arbeidstider-Info.plist */,
				086B552E17F0960900D9CC67 /* InfoPlist.strings */,
				086B553117F0960900D9CC67 /* main.m */,
				086B553317F0960900D9CC67 /* Arbeidstider-Prefix.pch */,
			);
			name = "Supporting Files";
			sourceTree = "<group>";
		};
		086B554D17F0960A00D9CC67 /* ABTTests */ = {
			isa = PBXGroup;
			children = (
				086B555317F0960A00D9CC67 /* ABTTests.m */,
				086B554E17F0960A00D9CC67 /* Supporting Files */,
			);
			path = ABTTests;
			sourceTree = "<group>";
		};
		086B554E17F0960A00D9CC67 /* Supporting Files */ = {
			isa = PBXGroup;
			children = (
				086B554F17F0960A00D9CC67 /* ArbeidstiderTests-Info.plist */,
				086B555017F0960A00D9CC67 /* InfoPlist.strings */,
			);
			name = "Supporting Files";
			sourceTree = "<group>";
		};
		086B555D17F0AA2100D9CC67 /* View Controllers */ = {
			isa = PBXGroup;
			children = (
				086C74EE1806CB4D00373601 /* Sidemenu */,
				08252E65180D7206000AD875 /* Front Page */,
				086C74EF1806CB5C00373601 /* Vaktlistekalender */,
				08252E62180D71EF000AD875 /* Oppslag */,
				086C74ED1806CB4200373601 /* Personer */,
				08252E63180D71F5000AD875 /* Penger */,
				08252E64180D71FE000AD875 /* Innstillinger */,
			);
			path = "View Controllers";
			sourceTree = "<group>";
		};
		086B556E17F0AA2100D9CC67 /* Objects */ = {
			isa = PBXGroup;
			children = (
				086B55F217F0AB4100D9CC67 /* SingleTon.h */,
				086B55F317F0AB4100D9CC67 /* SingleTon.m */,
				084AA97817FD85DD00FD3B5A /* ABTPerson.h */,
				084AA97917FD85DD00FD3B5A /* ABTPerson.m */,
				08252E5C180D71B8000AD875 /* ABTMenuCell.h */,
				08252E5D180D71B8000AD875 /* ABTMenuCell.m */,
				08252E66180D7313000AD875 /* ABTMenuCell.xib */,
			);
			path = Objects;
			sourceTree = "<group>";
		};
		086B556F17F0AA2100D9CC67 /* Repo */ = {
			isa = PBXGroup;
			children = (
				086B557017F0AA2100D9CC67 /* AFFNetworking */,
				086B558117F0AA2100D9CC67 /* AwesomeMenu */,
				086B558617F0AA2100D9CC67 /* JASidePanel */,
				086B558B17F0AA2100D9CC67 /* MJPopupView */,
				086B559317F0AA2100D9CC67 /* MNCalendarView */,
				086B55A517F0AA2100D9CC67 /* MZDayPicker */,
			);
			path = Repo;
			sourceTree = "<group>";
		};
		086B557017F0AA2100D9CC67 /* AFFNetworking */ = {
			isa = PBXGroup;
			children = (
				086B557117F0AA2100D9CC67 /* AFFNCallbackObject */,
				086B557417F0AA2100D9CC67 /* AFFNImage */,
				086B557917F0AA2100D9CC67 /* AFFNManager */,
				086B557C17F0AA2100D9CC67 /* AFFNRequest */,
			);
			path = AFFNetworking;
			sourceTree = "<group>";
		};
		086B557117F0AA2100D9CC67 /* AFFNCallbackObject */ = {
			isa = PBXGroup;
			children = (
				086B557217F0AA2100D9CC67 /* AFFNCallbackObject.h */,
				086B557317F0AA2100D9CC67 /* AFFNCallbackObject.m */,
			);
			path = AFFNCallbackObject;
			sourceTree = "<group>";
		};
		086B557417F0AA2100D9CC67 /* AFFNImage */ = {
			isa = PBXGroup;
			children = (
				086B557517F0AA2100D9CC67 /* AFFNImageManager.h */,
				086B557617F0AA2100D9CC67 /* AFFNImageManager.m */,
				086B557717F0AA2100D9CC67 /* UIImageView+AFFNImage.h */,
				086B557817F0AA2100D9CC67 /* UIImageView+AFFNImage.m */,
			);
			path = AFFNImage;
			sourceTree = "<group>";
		};
		086B557917F0AA2100D9CC67 /* AFFNManager */ = {
			isa = PBXGroup;
			children = (
				086B557A17F0AA2100D9CC67 /* AFFNManager.h */,
				086B557B17F0AA2100D9CC67 /* AFFNManager.m */,
			);
			path = AFFNManager;
			sourceTree = "<group>";
		};
		086B557C17F0AA2100D9CC67 /* AFFNRequest */ = {
			isa = PBXGroup;
			children = (
				086B557D17F0AA2100D9CC67 /* AFFNRequest.h */,
				086B557E17F0AA2100D9CC67 /* AFFNRequest.m */,
				086B557F17F0AA2100D9CC67 /* AFFNStreamingRequest.h */,
				086B558017F0AA2100D9CC67 /* AFFNStreamingRequest.m */,
			);
			path = AFFNRequest;
			sourceTree = "<group>";
		};
		086B558117F0AA2100D9CC67 /* AwesomeMenu */ = {
			isa = PBXGroup;
			children = (
				086B558217F0AA2100D9CC67 /* AwesomeMenu.h */,
				086B558317F0AA2100D9CC67 /* AwesomeMenu.m */,
				086B558417F0AA2100D9CC67 /* AwesomeMenuItem.h */,
				086B558517F0AA2100D9CC67 /* AwesomeMenuItem.m */,
			);
			path = AwesomeMenu;
			sourceTree = "<group>";
		};
		086B558617F0AA2100D9CC67 /* JASidePanel */ = {
			isa = PBXGroup;
			children = (
				086B558717F0AA2100D9CC67 /* JASidePanelController.h */,
				086B558817F0AA2100D9CC67 /* JASidePanelController.m */,
				086B558917F0AA2100D9CC67 /* UIViewController+JASidePanel.h */,
				086B558A17F0AA2100D9CC67 /* UIViewController+JASidePanel.m */,
			);
			path = JASidePanel;
			sourceTree = "<group>";
		};
		086B558B17F0AA2100D9CC67 /* MJPopupView */ = {
			isa = PBXGroup;
			children = (
				086B558C17F0AA2100D9CC67 /* MJDetailViewController.h */,
				086B558D17F0AA2100D9CC67 /* MJDetailViewController.m */,
				086B558E17F0AA2100D9CC67 /* MJDetailViewController.xib */,
				086B558F17F0AA2100D9CC67 /* MJPopupBackgroundView.h */,
				086B559017F0AA2100D9CC67 /* MJPopupBackgroundView.m */,
				086B559117F0AA2100D9CC67 /* UIViewController+MJPopupViewController.h */,
				086B559217F0AA2100D9CC67 /* UIViewController+MJPopupViewController.m */,
			);
			path = MJPopupView;
			sourceTree = "<group>";
		};
		086B559317F0AA2100D9CC67 /* MNCalendarView */ = {
			isa = PBXGroup;
			children = (
				086B559417F0AA2100D9CC67 /* MNCalendarHeaderView.h */,
				086B559517F0AA2100D9CC67 /* MNCalendarHeaderView.m */,
				086B559617F0AA2100D9CC67 /* MNCalendarView-Prefix.pch */,
				086B559717F0AA2100D9CC67 /* MNCalendarView.h */,
				086B559817F0AA2100D9CC67 /* MNCalendarView.m */,
				086B559917F0AA2100D9CC67 /* MNCalendarViewCell.h */,
				086B559A17F0AA2100D9CC67 /* MNCalendarViewCell.m */,
				086B559B17F0AA2100D9CC67 /* MNCalendarViewDayCell.h */,
				086B559C17F0AA2100D9CC67 /* MNCalendarViewDayCell.m */,
				086B559D17F0AA2100D9CC67 /* MNCalendarViewLayout.h */,
				086B559E17F0AA2100D9CC67 /* MNCalendarViewLayout.m */,
				086B559F17F0AA2100D9CC67 /* MNCalendarViewWeekdayCell.h */,
				086B55A017F0AA2100D9CC67 /* MNCalendarViewWeekdayCell.m */,
				086B55A117F0AA2100D9CC67 /* MNFastDateEnumeration.h */,
				086B55A217F0AA2100D9CC67 /* MNFastDateEnumeration.m */,
				086B55A317F0AA2100D9CC67 /* NSDate+MNAdditions.h */,
				086B55A417F0AA2100D9CC67 /* NSDate+MNAdditions.m */,
			);
			path = MNCalendarView;
			sourceTree = "<group>";
		};
		086B55A517F0AA2100D9CC67 /* MZDayPicker */ = {
			isa = PBXGroup;
			children = (
				086B55A617F0AA2100D9CC67 /* MZDay.h */,
				086B55A717F0AA2100D9CC67 /* MZDay.m */,
				086B55A817F0AA2100D9CC67 /* MZDayPicker.h */,
				086B55A917F0AA2100D9CC67 /* MZDayPicker.m */,
				086B55AA17F0AA2100D9CC67 /* MZDayPickerCell.h */,
				086B55AB17F0AA2100D9CC67 /* MZDayPickerCell.m */,
			);
			path = MZDayPicker;
			sourceTree = "<group>";
		};
		086B55AC17F0AA2100D9CC67 /* Assets */ = {
			isa = PBXGroup;
			children = (
				08136FFE1811491900B6F4CF /* Calendar */,
				084AA97D17FD943F00FD3B5A /* json.txt */,
				0805E03517FB185000B464D6 /* Icons */,
				086B55AD17F0AA2100D9CC67 /* AwesomeMenuItems */,
				086B55B517F0AA2100D9CC67 /* Fonts */,
				086B55B817F0AA2100D9CC67 /* MenuIcons */,
			);
			path = Assets;
			sourceTree = "<group>";
		};
		086B55AD17F0AA2100D9CC67 /* AwesomeMenuItems */ = {
			isa = PBXGroup;
			children = (
				086B55AE17F0AA2100D9CC67 /* coloredDots.png */,
				086B55AF17F0AA2100D9CC67 /* menuItemBlue.png */,
				086B55B017F0AA2100D9CC67 /* menuItemFrame.png */,
				086B55B117F0AA2100D9CC67 /* menuItemGreen.png */,
				086B55B217F0AA2100D9CC67 /* menuItemOrange.png */,
				086B55B317F0AA2100D9CC67 /* menuItemPurp.png */,
				086B55B417F0AA2100D9CC67 /* menuItemRed.png */,
			);
			path = AwesomeMenuItems;
			sourceTree = "<group>";
		};
		086B55B517F0AA2100D9CC67 /* Fonts */ = {
			isa = PBXGroup;
			children = (
			);
			path = Fonts;
			sourceTree = "<group>";
		};
		086B55B817F0AA2100D9CC67 /* MenuIcons */ = {
			isa = PBXGroup;
			children = (
				08252E68180DD4CE000AD875 /* MenuCellSelected.png */,
				08252E69180DD4CE000AD875 /* MenuCellDeselected.png */,
				084AA97F17FDA5B800FD3B5A /* doneIcon.png */,
				0805E05317FCD55E00B464D6 /* infoIcon.png */,
				086B55B917F0AA2100D9CC67 /* frontpage.png */,
				086B55BA17F0AA2100D9CC67 /* innstillinger.png */,
				086B55BB17F0AA2100D9CC67 /* menu.png */,
				086B55BC17F0AA2100D9CC67 /* oppslag.png */,
				086B55BD17F0AA2100D9CC67 /* penger.png */,
				086B55BE17F0AA2100D9CC67 /* personer.png */,
				086B55BF17F0AA2100D9CC67 /* vakter.png */,
			);
			path = MenuIcons;
			sourceTree = "<group>";
		};
		086B55F117F0AAAA00D9CC67 /* Storyboards */ = {
			isa = PBXGroup;
			children = (
				086B553717F0960900D9CC67 /* Main_iPhone.storyboard */,
				086B553A17F0960900D9CC67 /* Main_iPad.storyboard */,
			);
			name = Storyboards;
			sourceTree = "<group>";
		};
		086C74ED1806CB4200373601 /* Personer */ = {
			isa = PBXGroup;
			children = (
				086B556817F0AA2100D9CC67 /* PersonViewController.h */,
				086B556917F0AA2100D9CC67 /* PersonViewController.m */,
				08252E52180D5E14000AD875 /* ProfileViewController.h */,
				08252E53180D5E14000AD875 /* ProfileViewController.m */,
				08252E54180D5E14000AD875 /* ProfileViewController.xib */,
			);
			name = Personer;
			sourceTree = "<group>";
		};
		086C74EE1806CB4D00373601 /* Sidemenu */ = {
			isa = PBXGroup;
			children = (
				086B556417F0AA2100D9CC67 /* LeftMenuViewController.h */,
				086B556517F0AA2100D9CC67 /* LeftMenuViewController.m */,
				086B556A17F0AA2100D9CC67 /* SidePanelViewController.h */,
				086B556B17F0AA2100D9CC67 /* SidePanelViewController.m */,
			);
			name = Sidemenu;
			sourceTree = "<group>";
		};
		086C74EF1806CB5C00373601 /* Vaktlistekalender */ = {
			isa = PBXGroup;
			children = (
				086B556C17F0AA2100D9CC67 /* VaktListeViewController.h */,
				086B556D17F0AA2100D9CC67 /* VaktListeViewController.m */,
				08252E57180D618C000AD875 /* DayDetailViewController.h */,
				08252E58180D618C000AD875 /* DayDetailViewController.m */,
				08252E59180D618C000AD875 /* DayDetailViewController.xib */,
				08136FF118110E8800B6F4CF /* CalendarActionsheet.h */,
				08136FF218110E8800B6F4CF /* CalendarActionsheet.m */,
				08136FF418110E9A00B6F4CF /* CalendarActionsheet.xib */,
			);
			name = Vaktlistekalender;
			sourceTree = "<group>";
		};
		086C74F0180806EB00373601 /* Extensions */ = {
			isa = PBXGroup;
			children = (
				086C74F41808077900373601 /* UIColor+ABTColors.h */,
				086C74F51808077900373601 /* UIColor+ABTColors.m */,
			);
			name = Extensions;
			sourceTree = "<group>";
		};
/* End PBXGroup section */

/* Begin PBXNativeTarget section */
		086B552117F0960900D9CC67 /* Arbeidstider */ = {
			isa = PBXNativeTarget;
			buildConfigurationList = 086B555717F0960A00D9CC67 /* Build configuration list for PBXNativeTarget "Arbeidstider" */;
			buildPhases = (
				086B551E17F0960900D9CC67 /* Sources */,
				086B551F17F0960900D9CC67 /* Frameworks */,
				086B552017F0960900D9CC67 /* Resources */,
			);
			buildRules = (
			);
			dependencies = (
			);
			name = Arbeidstider;
			productName = ABT;
			productReference = 086B552217F0960900D9CC67 /* Arbeidstider.app */;
			productType = "com.apple.product-type.application";
		};
		086B554517F0960A00D9CC67 /* ArbeidstiderTests */ = {
			isa = PBXNativeTarget;
			buildConfigurationList = 086B555A17F0960A00D9CC67 /* Build configuration list for PBXNativeTarget "ArbeidstiderTests" */;
			buildPhases = (
				086B554217F0960A00D9CC67 /* Sources */,
				086B554317F0960A00D9CC67 /* Frameworks */,
				086B554417F0960A00D9CC67 /* Resources */,
			);
			buildRules = (
			);
			dependencies = (
				086B554C17F0960A00D9CC67 /* PBXTargetDependency */,
			);
			name = ArbeidstiderTests;
			productName = ABTTests;
			productReference = 086B554617F0960A00D9CC67 /* ArbeidstiderTests.xctest */;
			productType = "com.apple.product-type.bundle.unit-test";
		};
/* End PBXNativeTarget section */

/* Begin PBXProject section */
		086B551A17F0960900D9CC67 /* Project object */ = {
			isa = PBXProject;
			attributes = {
				CLASSPREFIX = ABT;
				LastUpgradeCheck = 0500;
				ORGANIZATIONNAME = "Oscar Apeland";
				TargetAttributes = {
					086B554517F0960A00D9CC67 = {
						TestTargetID = 086B552117F0960900D9CC67;
					};
				};
			};
			buildConfigurationList = 086B551D17F0960900D9CC67 /* Build configuration list for PBXProject "Arbeidstider" */;
			compatibilityVersion = "Xcode 3.2";
			developmentRegion = English;
			hasScannedForEncodings = 0;
			knownRegions = (
				en,
				Base,
			);
			mainGroup = 086B551917F0960900D9CC67;
			productRefGroup = 086B552317F0960900D9CC67 /* Products */;
			projectDirPath = "";
			projectRoot = "";
			targets = (
				086B552117F0960900D9CC67 /* Arbeidstider */,
				086B554517F0960A00D9CC67 /* ArbeidstiderTests */,
			);
		};
/* End PBXProject section */

/* Begin PBXResourcesBuildPhase section */
		086B552017F0960900D9CC67 /* Resources */ = {
			isa = PBXResourcesBuildPhase;
			buildActionMask = 2147483647;
			files = (
				08252E6B180DD4CE000AD875 /* MenuCellDeselected.png in Resources */,
				086B55EE17F0AA2100D9CC67 /* penger.png in Resources */,
				0805E04717FB185000B464D6 /* Icon-76.png in Resources */,
				0805E04817FB185000B464D6 /* Icon-Med-40.png in Resources */,
				0805E04A17FB185000B464D6 /* Icon-Small-50.png in Resources */,
				0805E04617FB185000B464D6 /* Icon-72.png in Resources */,
				08136FF518110E9A00B6F4CF /* CalendarActionsheet.xib in Resources */,
				0805E04C17FB185000B464D6 /* Icon-Small.png in Resources */,
				086B55ED17F0AA2100D9CC67 /* oppslag.png in Resources */,
				086B55E117F0AA2100D9CC67 /* coloredDots.png in Resources */,
				086B55F017F0AA2100D9CC67 /* vakter.png in Resources */,
				08252E5B180D618C000AD875 /* DayDetailViewController.xib in Resources */,
				086B55E717F0AA2100D9CC67 /* menuItemRed.png in Resources */,
				081370001811491900B6F4CF /* SelectedCellFrame.png in Resources */,
				086B55EC17F0AA2100D9CC67 /* menu.png in Resources */,
				086B55EF17F0AA2100D9CC67 /* personer.png in Resources */,
				0805E05417FCD55E00B464D6 /* infoIcon.png in Resources */,
				086B55E217F0AA2100D9CC67 /* menuItemBlue.png in Resources */,
				0805E04F17FB185000B464D6 /* Icon@2x.png in Resources */,
				0805E04B17FB185000B464D6 /* Icon-Small-50@2x.png in Resources */,
				086B553C17F0960900D9CC67 /* Main_iPad.storyboard in Resources */,
				0805E04917FB185000B464D6 /* Icon-Med-40@2x.png in Resources */,
				08252E56180D5E14000AD875 /* ProfileViewController.xib in Resources */,
				086B55E617F0AA2100D9CC67 /* menuItemPurp.png in Resources */,
				086B55EA17F0AA2100D9CC67 /* frontpage.png in Resources */,
				086B55EB17F0AA2100D9CC67 /* innstillinger.png in Resources */,
				08252E6A180DD4CE000AD875 /* MenuCellSelected.png in Resources */,
				0805E04317FB185000B464D6 /* Icon-120.png in Resources */,
				0805E04517FB185000B464D6 /* Icon-152.png in Resources */,
				086B55E317F0AA2100D9CC67 /* menuItemFrame.png in Resources */,
				084AA98017FDA5B800FD3B5A /* doneIcon.png in Resources */,
				086B55D317F0AA2100D9CC67 /* MJDetailViewController.xib in Resources */,
				086B55E417F0AA2100D9CC67 /* menuItemGreen.png in Resources */,
				084AA97E17FD943F00FD3B5A /* json.txt in Resources */,
				086B554117F0960900D9CC67 /* Images.xcassets in Resources */,
				086B553917F0960900D9CC67 /* Main_iPhone.storyboard in Resources */,
				0805E04417FB185000B464D6 /* Icon-144.png in Resources */,
				0805E04D17FB185000B464D6 /* Icon-Small@2x.png in Resources */,
				08252E67180D7313000AD875 /* ABTMenuCell.xib in Resources */,
				0805E04E17FB185000B464D6 /* Icon.png in Resources */,
				086B553017F0960900D9CC67 /* InfoPlist.strings in Resources */,
				086B55E517F0AA2100D9CC67 /* menuItemOrange.png in Resources */,
			);
			runOnlyForDeploymentPostprocessing = 0;
		};
		086B554417F0960A00D9CC67 /* Resources */ = {
			isa = PBXResourcesBuildPhase;
			buildActionMask = 2147483647;
			files = (
				086B555217F0960A00D9CC67 /* InfoPlist.strings in Resources */,
			);
			runOnlyForDeploymentPostprocessing = 0;
		};
/* End PBXResourcesBuildPhase section */

/* Begin PBXSourcesBuildPhase section */
		086B551E17F0960900D9CC67 /* Sources */ = {
			isa = PBXSourcesBuildPhase;
			buildActionMask = 2147483647;
			files = (
				086B55DC17F0AA2100D9CC67 /* MNFastDateEnumeration.m in Sources */,
				086B55C617F0AA2100D9CC67 /* SidePanelViewController.m in Sources */,
				086B55C417F0AA2100D9CC67 /* OppslagViewController.m in Sources */,
				086B55CA17F0AA2100D9CC67 /* UIImageView+AFFNImage.m in Sources */,
				086B55CC17F0AA2100D9CC67 /* AFFNRequest.m in Sources */,
				086B55DD17F0AA2100D9CC67 /* NSDate+MNAdditions.m in Sources */,
				086B55F417F0AB4100D9CC67 /* SingleTon.m in Sources */,
				086B55D917F0AA2100D9CC67 /* MNCalendarViewDayCell.m in Sources */,
				086B55DE17F0AA2100D9CC67 /* MZDay.m in Sources */,
				086B55C917F0AA2100D9CC67 /* AFFNImageManager.m in Sources */,
				086B55D117F0AA2100D9CC67 /* UIViewController+JASidePanel.m in Sources */,
				084AA97A17FD85DD00FD3B5A /* ABTPerson.m in Sources */,
				086B55CB17F0AA2100D9CC67 /* AFFNManager.m in Sources */,
				086B55DB17F0AA2100D9CC67 /* MNCalendarViewWeekdayCell.m in Sources */,
				086B55C717F0AA2100D9CC67 /* VaktListeViewController.m in Sources */,
				08136FF318110E8800B6F4CF /* CalendarActionsheet.m in Sources */,
				086B55D517F0AA2100D9CC67 /* UIViewController+MJPopupViewController.m in Sources */,
				08252E5A180D618C000AD875 /* DayDetailViewController.m in Sources */,
				08252E61180D71E2000AD875 /* PengerViewController.m in Sources */,
				086B553617F0960900D9CC67 /* ABTAppDelegate.m in Sources */,
				086B55E017F0AA2100D9CC67 /* MZDayPickerCell.m in Sources */,
				086C74F61808077900373601 /* UIColor+ABTColors.m in Sources */,
				086B55DA17F0AA2100D9CC67 /* MNCalendarViewLayout.m in Sources */,
				086B55D617F0AA2100D9CC67 /* MNCalendarHeaderView.m in Sources */,
				08252E55180D5E14000AD875 /* ProfileViewController.m in Sources */,
				08252E5E180D71B8000AD875 /* ABTMenuCell.m in Sources */,
				086B55DF17F0AA2100D9CC67 /* MZDayPicker.m in Sources */,
				086B55C117F0AA2100D9CC67 /* InnstillingerViewController.m in Sources */,
				086B553217F0960900D9CC67 /* main.m in Sources */,
				086B55C317F0AA2100D9CC67 /* LeftMenuViewController.m in Sources */,
				086B55D017F0AA2100D9CC67 /* JASidePanelController.m in Sources */,
				086B55D217F0AA2100D9CC67 /* MJDetailViewController.m in Sources */,
				086B55C017F0AA2100D9CC67 /* FrontPageViewController.m in Sources */,
				086B55D417F0AA2100D9CC67 /* MJPopupBackgroundView.m in Sources */,
				086B55CF17F0AA2100D9CC67 /* AwesomeMenuItem.m in Sources */,
				086B55C517F0AA2100D9CC67 /* PersonViewController.m in Sources */,
				086B55D717F0AA2100D9CC67 /* MNCalendarView.m in Sources */,
				086B55C817F0AA2100D9CC67 /* AFFNCallbackObject.m in Sources */,
				086B55D817F0AA2100D9CC67 /* MNCalendarViewCell.m in Sources */,
				086B55CD17F0AA2100D9CC67 /* AFFNStreamingRequest.m in Sources */,
				086B55CE17F0AA2100D9CC67 /* AwesomeMenu.m in Sources */,
			);
			runOnlyForDeploymentPostprocessing = 0;
		};
		086B554217F0960A00D9CC67 /* Sources */ = {
			isa = PBXSourcesBuildPhase;
			buildActionMask = 2147483647;
			files = (
				086B555417F0960A00D9CC67 /* ABTTests.m in Sources */,
			);
			runOnlyForDeploymentPostprocessing = 0;
		};
/* End PBXSourcesBuildPhase section */

/* Begin PBXTargetDependency section */
		086B554C17F0960A00D9CC67 /* PBXTargetDependency */ = {
			isa = PBXTargetDependency;
			target = 086B552117F0960900D9CC67 /* Arbeidstider */;
			targetProxy = 086B554B17F0960A00D9CC67 /* PBXContainerItemProxy */;
		};
/* End PBXTargetDependency section */

/* Begin PBXVariantGroup section */
		086B552E17F0960900D9CC67 /* InfoPlist.strings */ = {
			isa = PBXVariantGroup;
			children = (
				086B552F17F0960900D9CC67 /* en */,
			);
			name = InfoPlist.strings;
			sourceTree = "<group>";
		};
		086B553717F0960900D9CC67 /* Main_iPhone.storyboard */ = {
			isa = PBXVariantGroup;
			children = (
				086B553817F0960900D9CC67 /* Base */,
			);
			name = Main_iPhone.storyboard;
			sourceTree = "<group>";
		};
		086B553A17F0960900D9CC67 /* Main_iPad.storyboard */ = {
			isa = PBXVariantGroup;
			children = (
				086B553B17F0960900D9CC67 /* Base */,
			);
			name = Main_iPad.storyboard;
			sourceTree = "<group>";
		};
		086B555017F0960A00D9CC67 /* InfoPlist.strings */ = {
			isa = PBXVariantGroup;
			children = (
				086B555117F0960A00D9CC67 /* en */,
			);
			name = InfoPlist.strings;
			sourceTree = "<group>";
		};
/* End PBXVariantGroup section */

/* Begin XCBuildConfiguration section */
		086B555517F0960A00D9CC67 /* Debug */ = {
			isa = XCBuildConfiguration;
			buildSettings = {
				ALWAYS_SEARCH_USER_PATHS = NO;
				ARCHS = "$(ARCHS_STANDARD_INCLUDING_64_BIT)";
				CLANG_CXX_LANGUAGE_STANDARD = "gnu++0x";
				CLANG_CXX_LIBRARY = "libc++";
				CLANG_ENABLE_MODULES = YES;
				CLANG_ENABLE_OBJC_ARC = YES;
				CLANG_WARN_BOOL_CONVERSION = YES;
				CLANG_WARN_CONSTANT_CONVERSION = YES;
				CLANG_WARN_DIRECT_OBJC_ISA_USAGE = YES_ERROR;
				CLANG_WARN_EMPTY_BODY = YES;
				CLANG_WARN_ENUM_CONVERSION = YES;
				CLANG_WARN_INT_CONVERSION = YES;
				CLANG_WARN_OBJC_ROOT_CLASS = YES_ERROR;
				CLANG_WARN__DUPLICATE_METHOD_MATCH = YES;
				"CODE_SIGN_IDENTITY[sdk=iphoneos*]" = "iPhone Developer";
				COPY_PHASE_STRIP = NO;
				GCC_C_LANGUAGE_STANDARD = gnu99;
				GCC_DYNAMIC_NO_PIC = NO;
				GCC_OPTIMIZATION_LEVEL = 0;
				GCC_PREPROCESSOR_DEFINITIONS = (
					"DEBUG=1",
					"$(inherited)",
				);
				GCC_SYMBOLS_PRIVATE_EXTERN = NO;
				GCC_WARN_64_TO_32_BIT_CONVERSION = YES;
				GCC_WARN_ABOUT_RETURN_TYPE = YES_ERROR;
				GCC_WARN_UNDECLARED_SELECTOR = YES;
				GCC_WARN_UNINITIALIZED_AUTOS = YES;
				GCC_WARN_UNUSED_FUNCTION = YES;
				GCC_WARN_UNUSED_VARIABLE = YES;
				IPHONEOS_DEPLOYMENT_TARGET = 7.0;
				ONLY_ACTIVE_ARCH = YES;
				SDKROOT = iphoneos;
				TARGETED_DEVICE_FAMILY = "1,2";
			};
			name = Debug;
		};
		086B555617F0960A00D9CC67 /* Release */ = {
			isa = XCBuildConfiguration;
			buildSettings = {
				ALWAYS_SEARCH_USER_PATHS = NO;
				ARCHS = "$(ARCHS_STANDARD_INCLUDING_64_BIT)";
				CLANG_CXX_LANGUAGE_STANDARD = "gnu++0x";
				CLANG_CXX_LIBRARY = "libc++";
				CLANG_ENABLE_MODULES = YES;
				CLANG_ENABLE_OBJC_ARC = YES;
				CLANG_WARN_BOOL_CONVERSION = YES;
				CLANG_WARN_CONSTANT_CONVERSION = YES;
				CLANG_WARN_DIRECT_OBJC_ISA_USAGE = YES_ERROR;
				CLANG_WARN_EMPTY_BODY = YES;
				CLANG_WARN_ENUM_CONVERSION = YES;
				CLANG_WARN_INT_CONVERSION = YES;
				CLANG_WARN_OBJC_ROOT_CLASS = YES_ERROR;
				CLANG_WARN__DUPLICATE_METHOD_MATCH = YES;
				"CODE_SIGN_IDENTITY[sdk=iphoneos*]" = "iPhone Developer";
				COPY_PHASE_STRIP = YES;
				ENABLE_NS_ASSERTIONS = NO;
				GCC_C_LANGUAGE_STANDARD = gnu99;
				GCC_WARN_64_TO_32_BIT_CONVERSION = YES;
				GCC_WARN_ABOUT_RETURN_TYPE = YES_ERROR;
				GCC_WARN_UNDECLARED_SELECTOR = YES;
				GCC_WARN_UNINITIALIZED_AUTOS = YES;
				GCC_WARN_UNUSED_FUNCTION = YES;
				GCC_WARN_UNUSED_VARIABLE = YES;
				IPHONEOS_DEPLOYMENT_TARGET = 7.0;
				SDKROOT = iphoneos;
				TARGETED_DEVICE_FAMILY = "1,2";
				VALIDATE_PRODUCT = YES;
			};
			name = Release;
		};
		086B555817F0960A00D9CC67 /* Debug */ = {
			isa = XCBuildConfiguration;
			buildSettings = {
				ASSETCATALOG_COMPILER_APPICON_NAME = AppIcon;
				ASSETCATALOG_COMPILER_LAUNCHIMAGE_NAME = LaunchImage;
				GCC_PRECOMPILE_PREFIX_HEADER = YES;
				GCC_PREFIX_HEADER = "ABT/Arbeidstider-Prefix.pch";
				INFOPLIST_FILE = "ABT/Arbeidstider-Info.plist";
				IPHONEOS_DEPLOYMENT_TARGET = 6.1;
				PRODUCT_NAME = Arbeidstider;
				WRAPPER_EXTENSION = app;
			};
			name = Debug;
		};
		086B555917F0960A00D9CC67 /* Release */ = {
			isa = XCBuildConfiguration;
			buildSettings = {
				ASSETCATALOG_COMPILER_APPICON_NAME = AppIcon;
				ASSETCATALOG_COMPILER_LAUNCHIMAGE_NAME = LaunchImage;
				GCC_PRECOMPILE_PREFIX_HEADER = YES;
				GCC_PREFIX_HEADER = "ABT/Arbeidstider-Prefix.pch";
				INFOPLIST_FILE = "ABT/Arbeidstider-Info.plist";
				IPHONEOS_DEPLOYMENT_TARGET = 6.1;
				PRODUCT_NAME = Arbeidstider;
				WRAPPER_EXTENSION = app;
			};
			name = Release;
		};
		086B555B17F0960A00D9CC67 /* Debug */ = {
			isa = XCBuildConfiguration;
			buildSettings = {
				ARCHS = "$(ARCHS_STANDARD_INCLUDING_64_BIT)";
				BUNDLE_LOADER = "$(BUILT_PRODUCTS_DIR)/ABT.app/ABT";
				FRAMEWORK_SEARCH_PATHS = (
					"$(SDKROOT)/Developer/Library/Frameworks",
					"$(inherited)",
					"$(DEVELOPER_FRAMEWORKS_DIR)",
				);
				GCC_PRECOMPILE_PREFIX_HEADER = YES;
				GCC_PREFIX_HEADER = "ABT/ABT-Prefix.pch";
				GCC_PREPROCESSOR_DEFINITIONS = (
					"DEBUG=1",
					"$(inherited)",
				);
				INFOPLIST_FILE = "ABTTests/ArbeidstiderTests-Info.plist";
				PRODUCT_NAME = ArbeidstiderTests;
				TEST_HOST = "$(BUNDLE_LOADER)";
				WRAPPER_EXTENSION = xctest;
			};
			name = Debug;
		};
		086B555C17F0960A00D9CC67 /* Release */ = {
			isa = XCBuildConfiguration;
			buildSettings = {
				ARCHS = "$(ARCHS_STANDARD_INCLUDING_64_BIT)";
				BUNDLE_LOADER = "$(BUILT_PRODUCTS_DIR)/ABT.app/ABT";
				FRAMEWORK_SEARCH_PATHS = (
					"$(SDKROOT)/Developer/Library/Frameworks",
					"$(inherited)",
					"$(DEVELOPER_FRAMEWORKS_DIR)",
				);
				GCC_PRECOMPILE_PREFIX_HEADER = YES;
				GCC_PREFIX_HEADER = "ABT/ABT-Prefix.pch";
				INFOPLIST_FILE = "ABTTests/ArbeidstiderTests-Info.plist";
				PRODUCT_NAME = ArbeidstiderTests;
				TEST_HOST = "$(BUNDLE_LOADER)";
				WRAPPER_EXTENSION = xctest;
			};
			name = Release;
		};
/* End XCBuildConfiguration section */

/* Begin XCConfigurationList section */
		086B551D17F0960900D9CC67 /* Build configuration list for PBXProject "Arbeidstider" */ = {
			isa = XCConfigurationList;
			buildConfigurations = (
				086B555517F0960A00D9CC67 /* Debug */,
				086B555617F0960A00D9CC67 /* Release */,
			);
			defaultConfigurationIsVisible = 0;
			defaultConfigurationName = Release;
		};
		086B555717F0960A00D9CC67 /* Build configuration list for PBXNativeTarget "Arbeidstider" */ = {
			isa = XCConfigurationList;
			buildConfigurations = (
				086B555817F0960A00D9CC67 /* Debug */,
				086B555917F0960A00D9CC67 /* Release */,
			);
			defaultConfigurationIsVisible = 0;
			defaultConfigurationName = Release;
		};
		086B555A17F0960A00D9CC67 /* Build configuration list for PBXNativeTarget "ArbeidstiderTests" */ = {
			isa = XCConfigurationList;
			buildConfigurations = (
				086B555B17F0960A00D9CC67 /* Debug */,
				086B555C17F0960A00D9CC67 /* Release */,
			);
			defaultConfigurationIsVisible = 0;
			defaultConfigurationName = Release;
		};
/* End XCConfigurationList section */
	};
	rootObject = 086B551A17F0960900D9CC67 /* Project object */;
}
